{
  "name": "@oasysgames/simple-p2e-game",
  "version": "0.0.3",
  "lockfileVersion": 3,
  "requires": true,
  "packages": {
    "": {
      "name": "@oasysgames/simple-p2e-game",
      "version": "0.0.3",
      "license": "MIT",
      "dependencies": {
        "@balancer-labs/v2-interfaces": "^0.4.0",
        "@openzeppelin/contracts": "^5.0.0"
      }
    },
    "node_modules/@balancer-labs/v2-interfaces": {
      "version": "0.4.0",
      "resolved": "https://registry.npmjs.org/@balancer-labs/v2-interfaces/-/v2-interfaces-0.4.0.tgz",
      "integrity": "sha512-K0ij26m8/UOvdPmrAnuh/C7kT8OQupsgV8KRyIt+aTHW1KbPOi4v8zLMwW2AwSYMSRjPK2A/ttlnNizT0iA4Qg==",
      "license": "GPL-3.0-only"
    },
    "node_modules/@openzeppelin/contracts": {
      "version": "5.3.0",
      "resolved": "https://registry.npmjs.org/@openzeppelin/contracts/-/contracts-5.3.0.tgz",
      "integrity": "sha512-zj/KGoW7zxWUE8qOI++rUM18v+VeLTTzKs/DJFkSzHpQFPD/jKKF0TrMxBfGLl3kpdELCNccvB3zmofSzm4nlA==",
      "license": "MIT"
    }
  }
}
